
Microsoft Visual Studio Solution File, Format Version 11.00
# Visual Studio 2010
Project("{FAE04EC0-301F-11D3-BF4B-00C04F79EFBC}") = "ProjectI3332", "ProjectI3332\ProjectI3332.csproj", "{682E2BD2-6397-4570-98EA-124ACCAEA50C}"
EndProject
Global
	GlobalSection(SolutionConfigurationPlatforms) = preSolution
		Debug|Any CPU = Debug|Any CPU
		Release|Any CPU = Release|Any CPU
	EndGlobalSection
	GlobalSection(ProjectConfigurationPlatforms) = postSolution
		{682E2BD2-6397-4570-98EA-124ACCAEA50C}.Debug|Any CPU.ActiveCfg = Debug|Any CPU
		{682E2BD2-6397-4570-98EA-124ACCAEA50C}.Debug|Any CPU.Build.0 = Debug|Any CPU
		{682E2BD2-6397-4570-98EA-124ACCAEA50C}.Release|Any CPU.ActiveCfg = Release|Any CPU
		{682E2BD2-6397-4570-98EA-124ACCAEA50C}.Release|Any CPU.Build.0 = Release|Any CPU
	EndGlobalSection
	GlobalSection(SolutionProperties) = preSolution
		HideSolutionNode = FALSE
	EndGlobalSection
EndGlobal
